github.com/chettriyuvraj/leveldb-clone/common v0.0.0-20240405214557-ebb9500fb244 h1:3W18VyJMybXr9r5qaD7qXISRR0B8HJfwkDSZ6N+ONOw=
github.com/chettriyuvraj/leveldb-clone/common v0.0.0-20240405214557-ebb9500fb244/go.mod h1:isW+2jj98vtSgJC+KdF13CekvFX1LKYEft2f2VzkeZs=
github.com/chettriyuvraj/leveldb-clone/skiplist v0.0.0-20240405214557-ebb9500fb244 h1:ijQCKmrRhE5t/Hij6txpAMySGSzF4WKVui84aPkznMg=
github.com/chettriyuvraj/leveldb-clone/skiplist v0.0.0-20240405214557-ebb9500fb244/go.mod h1:zcN1TJOSizXg+9E/B3n469pCCUMoiyvLfc9JoOGcXBg=
github.com/chettriyuvraj/leveldb-clone/test v0.0.0-20240403115846-26a9c2864729 h1:cwjZcHkNi8uxMgqKXyXKbH7uAjT4Mn6rdgMRbRNHQaE=
github.com/chettriyuvraj/leveldb-clone/test v0.0.0-20240403115846-26a9c2864729/go.mod h1:bWgVJx3XbVaTKOSjKxHHqmSaCfGIyHNbYp0CdhM8PgU=
github.com/davecgh/go-spew v1.1.1 h1:vj9j/u1bqnvCEfJOwUhtlOARqs3+rkHYY13jYWTU97c=
github.com/pmezard/go-difflib v1.0.0 h1:4DBwDE0NGyQoBHbLQYPwSUPoCMWR5BEzIk/f1lZbAQM=
github.com/stretchr/testify v1.9.0 h1:HtqpIVDClZ4nwg75+f6Lvsy/wHu+3BoSGCbBAcpTsTg=
gopkg.in/yaml.v3 v3.0.1 h1:fxVm/GzAzEWqLHuvctI91KS9hhNmmWOoWu0XTYJS7CA=
